
Microsoft Visual Studio Solution File, Format Version 12.00
# Visual Studio Version 16
VisualStudioVersion = 16.0.31402.337
MinimumVisualStudioVersion = 10.0.40219.1
Project("{FAE04EC0-301F-11D3-BF4B-00C04F79EFBC}") = "WpfSingleInstanceByEventWaitHandle", "WpfSingleInstanceByEventWaitHandle\WpfSingleInstanceByEventWaitHandle.csproj", "{DAAB2205-22FB-4C7E-97B0-44BF15DEA900}"
EndProject
Global
	GlobalSection(SolutionConfigurationPlatforms) = preSolution
		Debug|Any CPU = Debug|Any CPU
		Release|Any CPU = Release|Any CPU
	EndGlobalSection
	GlobalSection(ProjectConfigurationPlatforms) = postSolution
		{DAAB2205-22FB-4C7E-97B0-44BF15DEA900}.Debug|Any CPU.ActiveCfg = Debug|Any CPU
		{DAAB2205-22FB-4C7E-97B0-44BF15DEA900}.Debug|Any CPU.Build.0 = Debug|Any CPU
		{DAAB2205-22FB-4C7E-97B0-44BF15DEA900}.Release|Any CPU.ActiveCfg = Release|Any CPU
		{DAAB2205-22FB-4C7E-97B0-44BF15DEA900}.Release|Any CPU.Build.0 = Release|Any CPU
	EndGlobalSection
	GlobalSection(SolutionProperties) = preSolution
		HideSolutionNode = FALSE
	EndGlobalSection
	GlobalSection(ExtensibilityGlobals) = postSolution
		SolutionGuid = {1F301F7F-8BCE-4251-A8E8-7EF71575B9DC}
	EndGlobalSection
EndGlobal
